
Microsoft Visual Studio Solution File, Format Version 12.00
# Visual Studio Version 17
VisualStudioVersion = 17.14.37614.0 d17.14
MinimumVisualStudioVersion = 10.0.40219.1
Project("{888888A0-9F3D-457C-B088-3A5042F75D52}") = "Sorting", "Sorting.pyproj", "{1665358F-D0E9-4E54-A2A1-C1045AB451AD}"
EndProject
Global
	GlobalSection(SolutionConfigurationPlatforms) = preSolution
		Debug|Any CPU = Debug|Any CPU
		Release|Any CPU = Release|Any CPU
	EndGlobalSection
	GlobalSection(ProjectConfigurationPlatforms) = postSolution
		{1665358F-D0E9-4E54-A2A1-C1045AB451AD}.Debug|Any CPU.ActiveCfg = Debug|Any CPU
		{1665358F-D0E9-4E54-A2A1-C1045AB451AD}.Release|Any CPU.ActiveCfg = Release|Any CPU
	EndGlobalSection
	GlobalSection(SolutionProperties) = preSolution
		HideSolutionNode = FALSE
	EndGlobalSection
	GlobalSection(ExtensibilityGlobals) = postSolution
		SolutionGuid = {5C42C20C-8EF4-466A-B7E9-36F053DEA0E4}
	EndGlobalSection
EndGlobal
